
Microsoft Visual Studio Solution File, Format Version 12.00
# Visual Studio 15
VisualStudioVersion = 15.0.26124.0
MinimumVisualStudioVersion = 15.0.26124.0
Project("{FAE04EC0-301F-11D3-BF4B-00C04F79EFBC}") = "PizzaWorld.Client", "PizzaWorld.Client\PizzaWorld.Client.csproj", "{D2A3A844-81C0-4D15-B0E5-B4C2DBFA68E0}"
EndProject
Project("{FAE04EC0-301F-11D3-BF4B-00C04F79EFBC}") = "PizzaWorld.Domain", "PizzaWorld.Domain\PizzaWorld.Domain.csproj", "{801AE7E7-6B5E-451E-B6FC-CA50B94DC8F2}"
EndProject
Project("{FAE04EC0-301F-11D3-BF4B-00C04F79EFBC}") = "PizzaWorld.Testing", "PizzaWorld.Testing\PizzaWorld.Testing.csproj", "{84737397-2DC7-41F6-B876-15E2241B5336}"
EndProject
Project("{FAE04EC0-301F-11D3-BF4B-00C04F79EFBC}") = "PizzaWorld.Storing", "PizzaWorld.Storing\PizzaWorld.Storing.csproj", "{4EDF070E-7FFC-476D-B029-F1CF394DAA71}"
EndProject
Project("{2150E333-8FDC-42A3-9474-1A3956D46DE8}") = "project.p0", "project.p0", "{F08A4F48-B8A5-441F-A66E-6EE7B419B9D0}"
EndProject
Project("{FAE04EC0-301F-11D3-BF4B-00C04F79EFBC}") = "PizzaWorld.Client", "project.p0\PizzaWorld.Client\PizzaWorld.Client.csproj", "{6D10ECFA-91A7-4D9E-8F54-EAB9A5EFB737}"
EndProject
Project("{FAE04EC0-301F-11D3-BF4B-00C04F79EFBC}") = "PizzaWorld.Domain", "project.p0\PizzaWorld.Domain\PizzaWorld.Domain.csproj", "{3FF7C6D5-5A6C-4CCB-88B3-D25D6069B6FD}"
EndProject
Project("{FAE04EC0-301F-11D3-BF4B-00C04F79EFBC}") = "PizzaWorld.Testing", "project.p0\PizzaWorld.Testing\PizzaWorld.Testing.csproj", "{CD5724FD-74C0-41B3-9CD2-736B0B707086}"
EndProject
Global
	GlobalSection(SolutionConfigurationPlatforms) = preSolution
		Debug|Any CPU = Debug|Any CPU
		Debug|x64 = Debug|x64
		Debug|x86 = Debug|x86
		Release|Any CPU = Release|Any CPU
		Release|x64 = Release|x64
		Release|x86 = Release|x86
	EndGlobalSection
	GlobalSection(SolutionProperties) = preSolution
		HideSolutionNode = FALSE
	EndGlobalSection
	GlobalSection(ProjectConfigurationPlatforms) = postSolution
		{D2A3A844-81C0-4D15-B0E5-B4C2DBFA68E0}.Debug|Any CPU.ActiveCfg = Debug|Any CPU
		{D2A3A844-81C0-4D15-B0E5-B4C2DBFA68E0}.Debug|Any CPU.Build.0 = Debug|Any CPU
		{D2A3A844-81C0-4D15-B0E5-B4C2DBFA68E0}.Debug|x64.ActiveCfg = Debug|Any CPU
		{D2A3A844-81C0-4D15-B0E5-B4C2DBFA68E0}.Debug|x64.Build.0 = Debug|Any CPU
		{D2A3A844-81C0-4D15-B0E5-B4C2DBFA68E0}.Debug|x86.ActiveCfg = Debug|Any CPU
		{D2A3A844-81C0-4D15-B0E5-B4C2DBFA68E0}.Debug|x86.Build.0 = Debug|Any CPU
		{D2A3A844-81C0-4D15-B0E5-B4C2DBFA68E0}.Release|Any CPU.ActiveCfg = Release|Any CPU
		{D2A3A844-81C0-4D15-B0E5-B4C2DBFA68E0}.Release|Any CPU.Build.0 = Release|Any CPU
		{D2A3A844-81C0-4D15-B0E5-B4C2DBFA68E0}.Release|x64.ActiveCfg = Release|Any CPU
		{D2A3A844-81C0-4D15-B0E5-B4C2DBFA68E0}.Release|x64.Build.0 = Release|Any CPU
		{D2A3A844-81C0-4D15-B0E5-B4C2DBFA68E0}.Release|x86.ActiveCfg = Release|Any CPU
		{D2A3A844-81C0-4D15-B0E5-B4C2DBFA68E0}.Release|x86.Build.0 = Release|Any CPU
		{801AE7E7-6B5E-451E-B6FC-CA50B94DC8F2}.Debug|Any CPU.ActiveCfg = Debug|Any CPU
		{801AE7E7-6B5E-451E-B6FC-CA50B94DC8F2}.Debug|Any CPU.Build.0 = Debug|Any CPU
		{801AE7E7-6B5E-451E-B6FC-CA50B94DC8F2}.Debug|x64.ActiveCfg = Debug|Any CPU
		{801AE7E7-6B5E-451E-B6FC-CA50B94DC8F2}.Debug|x64.Build.0 = Debug|Any CPU
		{801AE7E7-6B5E-451E-B6FC-CA50B94DC8F2}.Debug|x86.ActiveCfg = Debug|Any CPU
		{801AE7E7-6B5E-451E-B6FC-CA50B94DC8F2}.Debug|x86.Build.0 = Debug|Any CPU
		{801AE7E7-6B5E-451E-B6FC-CA50B94DC8F2}.Release|Any CPU.ActiveCfg = Release|Any CPU
		{801AE7E7-6B5E-451E-B6FC-CA50B94DC8F2}.Release|Any CPU.Build.0 = Release|Any CPU
		{801AE7E7-6B5E-451E-B6FC-CA50B94DC8F2}.Release|x64.ActiveCfg = Release|Any CPU
		{801AE7E7-6B5E-451E-B6FC-CA50B94DC8F2}.Release|x64.Build.0 = Release|Any CPU
		{801AE7E7-6B5E-451E-B6FC-CA50B94DC8F2}.Release|x86.ActiveCfg = Release|Any CPU
		{801AE7E7-6B5E-451E-B6FC-CA50B94DC8F2}.Release|x86.Build.0 = Release|Any CPU
		{84737397-2DC7-41F6-B876-15E2241B5336}.Debug|Any CPU.ActiveCfg = Debug|Any CPU
		{84737397-2DC7-41F6-B876-15E2241B5336}.Debug|Any CPU.Build.0 = Debug|Any CPU
		{84737397-2DC7-41F6-B876-15E2241B5336}.Debug|x64.ActiveCfg = Debug|Any CPU
		{84737397-2DC7-41F6-B876-15E2241B5336}.Debug|x64.Build.0 = Debug|Any CPU
		{84737397-2DC7-41F6-B876-15E2241B5336}.Debug|x86.ActiveCfg = Debug|Any CPU
		{84737397-2DC7-41F6-B876-15E2241B5336}.Debug|x86.Build.0 = Debug|Any CPU
		{84737397-2DC7-41F6-B876-15E2241B5336}.Release|Any CPU.ActiveCfg = Release|Any CPU
		{84737397-2DC7-41F6-B876-15E2241B5336}.Release|Any CPU.Build.0 = Release|Any CPU
		{84737397-2DC7-41F6-B876-15E2241B5336}.Release|x64.ActiveCfg = Release|Any CPU
		{84737397-2DC7-41F6-B876-15E2241B5336}.Release|x64.Build.0 = Release|Any CPU
		{84737397-2DC7-41F6-B876-15E2241B5336}.Release|x86.ActiveCfg = Release|Any CPU
		{84737397-2DC7-41F6-B876-15E2241B5336}.Release|x86.Build.0 = Release|Any CPU
		{4EDF070E-7FFC-476D-B029-F1CF394DAA71}.Debug|Any CPU.ActiveCfg = Debug|Any CPU
		{4EDF070E-7FFC-476D-B029-F1CF394DAA71}.Debug|Any CPU.Build.0 = Debug|Any CPU
		{4EDF070E-7FFC-476D-B029-F1CF394DAA71}.Debug|x64.ActiveCfg = Debug|Any CPU
		{4EDF070E-7FFC-476D-B029-F1CF394DAA71}.Debug|x64.Build.0 = Debug|Any CPU
		{4EDF070E-7FFC-476D-B029-F1CF394DAA71}.Debug|x86.ActiveCfg = Debug|Any CPU
		{4EDF070E-7FFC-476D-B029-F1CF394DAA71}.Debug|x86.Build.0 = Debug|Any CPU
		{4EDF070E-7FFC-476D-B029-F1CF394DAA71}.Release|Any CPU.ActiveCfg = Release|Any CPU
		{4EDF070E-7FFC-476D-B029-F1CF394DAA71}.Release|Any CPU.Build.0 = Release|Any CPU
		{4EDF070E-7FFC-476D-B029-F1CF394DAA71}.Release|x64.ActiveCfg = Release|Any CPU
		{4EDF070E-7FFC-476D-B029-F1CF394DAA71}.Release|x64.Build.0 = Release|Any CPU
		{4EDF070E-7FFC-476D-B029-F1CF394DAA71}.Release|x86.ActiveCfg = Release|Any CPU
		{4EDF070E-7FFC-476D-B029-F1CF394DAA71}.Release|x86.Build.0 = Release|Any CPU
		{6D10ECFA-91A7-4D9E-8F54-EAB9A5EFB737}.Debug|Any CPU.ActiveCfg = Debug|Any CPU
		{6D10ECFA-91A7-4D9E-8F54-EAB9A5EFB737}.Debug|Any CPU.Build.0 = Debug|Any CPU
		{6D10ECFA-91A7-4D9E-8F54-EAB9A5EFB737}.Debug|x64.ActiveCfg = Debug|Any CPU
		{6D10ECFA-91A7-4D9E-8F54-EAB9A5EFB737}.Debug|x64.Build.0 = Debug|Any CPU
		{6D10ECFA-91A7-4D9E-8F54-EAB9A5EFB737}.Debug|x86.ActiveCfg = Debug|Any CPU
		{6D10ECFA-91A7-4D9E-8F54-EAB9A5EFB737}.Debug|x86.Build.0 = Debug|Any CPU
		{6D10ECFA-91A7-4D9E-8F54-EAB9A5EFB737}.Release|Any CPU.ActiveCfg = Release|Any CPU
		{6D10ECFA-91A7-4D9E-8F54-EAB9A5EFB737}.Release|Any CPU.Build.0 = Release|Any CPU
		{6D10ECFA-91A7-4D9E-8F54-EAB9A5EFB737}.Release|x64.ActiveCfg = Release|Any CPU
		{6D10ECFA-91A7-4D9E-8F54-EAB9A5EFB737}.Release|x64.Build.0 = Release|Any CPU
		{6D10ECFA-91A7-4D9E-8F54-EAB9A5EFB737}.Release|x86.ActiveCfg = Release|Any CPU
		{6D10ECFA-91A7-4D9E-8F54-EAB9A5EFB737}.Release|x86.Build.0 = Release|Any CPU
		{3FF7C6D5-5A6C-4CCB-88B3-D25D6069B6FD}.Debug|Any CPU.ActiveCfg = Debug|Any CPU
		{3FF7C6D5-5A6C-4CCB-88B3-D25D6069B6FD}.Debug|Any CPU.Build.0 = Debug|Any CPU
		{3FF7C6D5-5A6C-4CCB-88B3-D25D6069B6FD}.Debug|x64.ActiveCfg = Debug|Any CPU
		{3FF7C6D5-5A6C-4CCB-88B3-D25D6069B6FD}.Debug|x64.Build.0 = Debug|Any CPU
		{3FF7C6D5-5A6C-4CCB-88B3-D25D6069B6FD}.Debug|x86.ActiveCfg = Debug|Any CPU
		{3FF7C6D5-5A6C-4CCB-88B3-D25D6069B6FD}.Debug|x86.Build.0 = Debug|Any CPU
		{3FF7C6D5-5A6C-4CCB-88B3-D25D6069B6FD}.Release|Any CPU.ActiveCfg = Release|Any CPU
		{3FF7C6D5-5A6C-4CCB-88B3-D25D6069B6FD}.Release|Any CPU.Build.0 = Release|Any CPU
		{3FF7C6D5-5A6C-4CCB-88B3-D25D6069B6FD}.Release|x64.ActiveCfg = Release|Any CPU
		{3FF7C6D5-5A6C-4CCB-88B3-D25D6069B6FD}.Release|x64.Build.0 = Release|Any CPU
		{3FF7C6D5-5A6C-4CCB-88B3-D25D6069B6FD}.Release|x86.ActiveCfg = Release|Any CPU
		{3FF7C6D5-5A6C-4CCB-88B3-D25D6069B6FD}.Release|x86.Build.0 = Release|Any CPU
		{CD5724FD-74C0-41B3-9CD2-736B0B707086}.Debug|Any CPU.ActiveCfg = Debug|Any CPU
		{CD5724FD-74C0-41B3-9CD2-736B0B707086}.Debug|Any CPU.Build.0 = Debug|Any CPU
		{CD5724FD-74C0-41B3-9CD2-736B0B707086}.Debug|x64.ActiveCfg = Debug|Any CPU
		{CD5724FD-74C0-41B3-9CD2-736B0B707086}.Debug|x64.Build.0 = Debug|Any CPU
		{CD5724FD-74C0-41B3-9CD2-736B0B707086}.Debug|x86.ActiveCfg = Debug|Any CPU
		{CD5724FD-74C0-41B3-9CD2-736B0B707086}.Debug|x86.Build.0 = Debug|Any CPU
		{CD5724FD-74C0-41B3-9CD2-736B0B707086}.Release|Any CPU.ActiveCfg = Release|Any CPU
		{CD5724FD-74C0-41B3-9CD2-736B0B707086}.Release|Any CPU.Build.0 = Release|Any CPU
		{CD5724FD-74C0-41B3-9CD2-736B0B707086}.Release|x64.ActiveCfg = Release|Any CPU
		{CD5724FD-74C0-41B3-9CD2-736B0B707086}.Release|x64.Build.0 = Release|Any CPU
		{CD5724FD-74C0-41B3-9CD2-736B0B707086}.Release|x86.ActiveCfg = Release|Any CPU
		{CD5724FD-74C0-41B3-9CD2-736B0B707086}.Release|x86.Build.0 = Release|Any CPU
	EndGlobalSection
	GlobalSection(NestedProjects) = preSolution
		{6D10ECFA-91A7-4D9E-8F54-EAB9A5EFB737} = {F08A4F48-B8A5-441F-A66E-6EE7B419B9D0}
		{3FF7C6D5-5A6C-4CCB-88B3-D25D6069B6FD} = {F08A4F48-B8A5-441F-A66E-6EE7B419B9D0}
		{CD5724FD-74C0-41B3-9CD2-736B0B707086} = {F08A4F48-B8A5-441F-A66E-6EE7B419B9D0}
	EndGlobalSection
EndGlobal
